
Microsoft Visual Studio Solution File, Format Version 12.00
# Visual Studio Version 17
VisualStudioVersion = 17.3.32825.248
MinimumVisualStudioVersion = 10.0.40219.1
Project("{FAE04EC0-301F-11D3-BF4B-00C04F79EFBC}") = "practice3", "practice3\practice3.csproj", "{AAAF5C38-1762-4E39-B940-DD77EA02A5AB}"
EndProject
Global
	GlobalSection(SolutionConfigurationPlatforms) = preSolution
		Debug|Any CPU = Debug|Any CPU
		Release|Any CPU = Release|Any CPU
	EndGlobalSection
	GlobalSection(ProjectConfigurationPlatforms) = postSolution
		{AAAF5C38-1762-4E39-B940-DD77EA02A5AB}.Debug|Any CPU.ActiveCfg = Debug|Any CPU
		{AAAF5C38-1762-4E39-B940-DD77EA02A5AB}.Debug|Any CPU.Build.0 = Debug|Any CPU
		{AAAF5C38-1762-4E39-B940-DD77EA02A5AB}.Release|Any CPU.ActiveCfg = Release|Any CPU
		{AAAF5C38-1762-4E39-B940-DD77EA02A5AB}.Release|Any CPU.Build.0 = Release|Any CPU
	EndGlobalSection
	GlobalSection(SolutionProperties) = preSolution
		HideSolutionNode = FALSE
	EndGlobalSection
	GlobalSection(ExtensibilityGlobals) = postSolution
		SolutionGuid = {30611A81-E8B8-4B79-ADF7-3DECB579C43A}
	EndGlobalSection
EndGlobal
